
Microsoft Visual Studio Solution File, Format Version 12.00
# Visual Studio 15
Project("{FAE04EC0-301F-11D3-BF4B-00C04F79EFBC}") = "SearchTextField.Example", "SearchTextField.Example\SearchTextField.Example.csproj", "{F58DBDC8-ACD4-4746-8722-72C7C0D7B103}"
EndProject
Project("{FAE04EC0-301F-11D3-BF4B-00C04F79EFBC}") = "SearchTextField", "SearchTextField\SearchTextField.csproj", "{38E9E547-D52F-4E0D-A182-6B18B53CC10C}"
EndProject
Global
	GlobalSection(SolutionConfigurationPlatforms) = preSolution
		Debug|iPhoneSimulator = Debug|iPhoneSimulator
		Release|iPhone = Release|iPhone
		Release|iPhoneSimulator = Release|iPhoneSimulator
		Debug|iPhone = Debug|iPhone
	EndGlobalSection
	GlobalSection(ProjectConfigurationPlatforms) = postSolution
		{F58DBDC8-ACD4-4746-8722-72C7C0D7B103}.Debug|iPhoneSimulator.ActiveCfg = Debug|iPhoneSimulator
		{F58DBDC8-ACD4-4746-8722-72C7C0D7B103}.Debug|iPhoneSimulator.Build.0 = Debug|iPhoneSimulator
		{F58DBDC8-ACD4-4746-8722-72C7C0D7B103}.Release|iPhone.ActiveCfg = Release|iPhone
		{F58DBDC8-ACD4-4746-8722-72C7C0D7B103}.Release|iPhone.Build.0 = Release|iPhone
		{F58DBDC8-ACD4-4746-8722-72C7C0D7B103}.Release|iPhoneSimulator.ActiveCfg = Release|iPhoneSimulator
		{F58DBDC8-ACD4-4746-8722-72C7C0D7B103}.Release|iPhoneSimulator.Build.0 = Release|iPhoneSimulator
		{F58DBDC8-ACD4-4746-8722-72C7C0D7B103}.Debug|iPhone.ActiveCfg = Debug|iPhone
		{F58DBDC8-ACD4-4746-8722-72C7C0D7B103}.Debug|iPhone.Build.0 = Debug|iPhone
		{38E9E547-D52F-4E0D-A182-6B18B53CC10C}.Debug|iPhoneSimulator.ActiveCfg = Debug|Any CPU
		{38E9E547-D52F-4E0D-A182-6B18B53CC10C}.Debug|iPhoneSimulator.Build.0 = Debug|Any CPU
		{38E9E547-D52F-4E0D-A182-6B18B53CC10C}.Release|iPhone.ActiveCfg = Release|Any CPU
		{38E9E547-D52F-4E0D-A182-6B18B53CC10C}.Release|iPhone.Build.0 = Release|Any CPU
		{38E9E547-D52F-4E0D-A182-6B18B53CC10C}.Release|iPhoneSimulator.ActiveCfg = Release|Any CPU
		{38E9E547-D52F-4E0D-A182-6B18B53CC10C}.Release|iPhoneSimulator.Build.0 = Release|Any CPU
		{38E9E547-D52F-4E0D-A182-6B18B53CC10C}.Debug|iPhone.ActiveCfg = Debug|Any CPU
		{38E9E547-D52F-4E0D-A182-6B18B53CC10C}.Debug|iPhone.Build.0 = Debug|Any CPU
	EndGlobalSection
EndGlobal
